// !$*UTF8*$!
{
	archiveVersion = 1;
	classes = {
	};
	objectVersion = 50;
	objects = {

/* Begin PBXBuildFile section */
		319379B67D532F67D15312B9 /* Pods_FlickaloreUITests.framework in Frameworks */ = {isa = PBXBuildFile; fileRef = 6E2582A66B543F611063FAE2 /* Pods_FlickaloreUITests.framework */; };
		71DCB029F0E0B0EAE564229C /* Pods_FlickaloreTests.framework in Frameworks */ = {isa = PBXBuildFile; fileRef = C8558CCD117056488E0CCCF8 /* Pods_FlickaloreTests.framework */; };
		7B283579210C4F9700849FAB /* AuthenticationViewController.swift in Sources */ = {isa = PBXBuildFile; fileRef = 7B283578210C4F9700849FAB /* AuthenticationViewController.swift */; };
		7B28357B210C55D000849FAB /* AuthViewModel.swift in Sources */ = {isa = PBXBuildFile; fileRef = 7B28357A210C55D000849FAB /* AuthViewModel.swift */; };
		7B28357D210C5DAF00849FAB /* Constants.swift in Sources */ = {isa = PBXBuildFile; fileRef = 7B28357C210C5DAF00849FAB /* Constants.swift */; };
		7B28357F210C7B9B00849FAB /* User.swift in Sources */ = {isa = PBXBuildFile; fileRef = 7B28357E210C7B9B00849FAB /* User.swift */; };
		7B283581210C7D9800849FAB /* UserManager.swift in Sources */ = {isa = PBXBuildFile; fileRef = 7B283580210C7D9800849FAB /* UserManager.swift */; };
		7B283583210C80F000849FAB /* Extensions.swift in Sources */ = {isa = PBXBuildFile; fileRef = 7B283582210C80F000849FAB /* Extensions.swift */; };
		7B283587210C981E00849FAB /* ProfileViewController.swift in Sources */ = {isa = PBXBuildFile; fileRef = 7B283586210C981E00849FAB /* ProfileViewController.swift */; };
		7B283589210C98D900849FAB /* ProfileViewModel.swift in Sources */ = {isa = PBXBuildFile; fileRef = 7B283588210C98D900849FAB /* ProfileViewModel.swift */; };
		7B28358C210CACD400849FAB /* ImageCollectionViewCell.swift in Sources */ = {isa = PBXBuildFile; fileRef = 7B28358A210CACD400849FAB /* ImageCollectionViewCell.swift */; };
		7B28358D210CACD400849FAB /* ImageCollectionViewCell.xib in Resources */ = {isa = PBXBuildFile; fileRef = 7B28358B210CACD400849FAB /* ImageCollectionViewCell.xib */; };
		7B28358F210CAFC700849FAB /* Initializable.swift in Sources */ = {isa = PBXBuildFile; fileRef = 7B28358E210CAFC700849FAB /* Initializable.swift */; };
		7B283591210CC80700849FAB /* LoginViewModel.swift in Sources */ = {isa = PBXBuildFile; fileRef = 7B283590210CC80700849FAB /* LoginViewModel.swift */; };
		7B6AE2212108923F00F493F4 /* AppDelegate.swift in Sources */ = {isa = PBXBuildFile; fileRef = 7B6AE2202108923F00F493F4 /* AppDelegate.swift */; };
		7B6AE2232108924000F493F4 /* LoginWithFlickrViewController.swift in Sources */ = {isa = PBXBuildFile; fileRef = 7B6AE2222108924000F493F4 /* LoginWithFlickrViewController.swift */; };
		7B6AE2262108924000F493F4 /* Main.storyboard in Resources */ = {isa = PBXBuildFile; fileRef = 7B6AE2242108924000F493F4 /* Main.storyboard */; };
		7B6AE2282108924800F493F4 /* Assets.xcassets in Resources */ = {isa = PBXBuildFile; fileRef = 7B6AE2272108924800F493F4 /* Assets.xcassets */; };
		7B6AE22B2108924800F493F4 /* LaunchScreen.storyboard in Resources */ = {isa = PBXBuildFile; fileRef = 7B6AE2292108924800F493F4 /* LaunchScreen.storyboard */; };
		7B6AE2362108924900F493F4 /* FlickaloreTests.swift in Sources */ = {isa = PBXBuildFile; fileRef = 7B6AE2352108924900F493F4 /* FlickaloreTests.swift */; };
		7B6AE2412108924900F493F4 /* FlickaloreUITests.swift in Sources */ = {isa = PBXBuildFile; fileRef = 7B6AE2402108924900F493F4 /* FlickaloreUITests.swift */; };
		7B6AE24F2108CB4400F493F4 /* PinchZoomViewController.swift in Sources */ = {isa = PBXBuildFile; fileRef = 7B6AE24E2108CB4400F493F4 /* PinchZoomViewController.swift */; };
		7BFD5C45210E44F3003FB19E /* ExploreViewController.swift in Sources */ = {isa = PBXBuildFile; fileRef = 7BFD5C44210E44F3003FB19E /* ExploreViewController.swift */; };
		90E6D9498023000DA0073814 /* Pods_Flickalore.framework in Frameworks */ = {isa = PBXBuildFile; fileRef = 22B5E1F3FBD2D977FF59B73C /* Pods_Flickalore.framework */; };
/* End PBXBuildFile section */

/* Begin PBXContainerItemProxy section */
		7B6AE2322108924900F493F4 /* PBXContainerItemProxy */ = {
			isa = PBXContainerItemProxy;
			containerPortal = 7B6AE2152108923F00F493F4 /* Project object */;
			proxyType = 1;
			remoteGlobalIDString = 7B6AE21C2108923F00F493F4;
			remoteInfo = Flickalore;
		};
		7B6AE23D2108924900F493F4 /* PBXContainerItemProxy */ = {
			isa = PBXContainerItemProxy;
			containerPortal = 7B6AE2152108923F00F493F4 /* Project object */;
			proxyType = 1;
			remoteGlobalIDString = 7B6AE21C2108923F00F493F4;
			remoteInfo = Flickalore;
		};
/* End PBXContainerItemProxy section */

/* Begin PBXFileReference section */
		1C45E1FE8091C687D516A07A /* Pods-FlickaloreUITests.release.xcconfig */ = {isa = PBXFileReference; includeInIndex = 1; lastKnownFileType = text.xcconfig; name = "Pods-FlickaloreUITests.release.xcconfig"; path = "Pods/Target Support Files/Pods-FlickaloreUITests/Pods-FlickaloreUITests.release.xcconfig"; sourceTree = "<group>"; };
		2247630C89B4648441561E5E /* Pods-FlickaloreUITests.debug.xcconfig */ = {isa = PBXFileReference; includeInIndex = 1; lastKnownFileType = text.xcconfig; name = "Pods-FlickaloreUITests.debug.xcconfig"; path = "Pods/Target Support Files/Pods-FlickaloreUITests/Pods-FlickaloreUITests.debug.xcconfig"; sourceTree = "<group>"; };
		22B5E1F3FBD2D977FF59B73C /* Pods_Flickalore.framework */ = {isa = PBXFileReference; explicitFileType = wrapper.framework; includeInIndex = 0; path = Pods_Flickalore.framework; sourceTree = BUILT_PRODUCTS_DIR; };
		69C5F268DB62D55AA9D5C4C8 /* Pods-Flickalore.release.xcconfig */ = {isa = PBXFileReference; includeInIndex = 1; lastKnownFileType = text.xcconfig; name = "Pods-Flickalore.release.xcconfig"; path = "Pods/Target Support Files/Pods-Flickalore/Pods-Flickalore.release.xcconfig"; sourceTree = "<group>"; };
		6E2582A66B543F611063FAE2 /* Pods_FlickaloreUITests.framework */ = {isa = PBXFileReference; explicitFileType = wrapper.framework; includeInIndex = 0; path = Pods_FlickaloreUITests.framework; sourceTree = BUILT_PRODUCTS_DIR; };
		7B283578210C4F9700849FAB /* AuthenticationViewController.swift */ = {isa = PBXFileReference; lastKnownFileType = sourcecode.swift; path = AuthenticationViewController.swift; sourceTree = "<group>"; };
		7B28357A210C55D000849FAB /* AuthViewModel.swift */ = {isa = PBXFileReference; lastKnownFileType = sourcecode.swift; path = AuthViewModel.swift; sourceTree = "<group>"; };
		7B28357C210C5DAF00849FAB /* Constants.swift */ = {isa = PBXFileReference; lastKnownFileType = sourcecode.swift; path = Constants.swift; sourceTree = "<group>"; };
		7B28357E210C7B9B00849FAB /* User.swift */ = {isa = PBXFileReference; lastKnownFileType = sourcecode.swift; path = User.swift; sourceTree = "<group>"; };
		7B283580210C7D9800849FAB /* UserManager.swift */ = {isa = PBXFileReference; lastKnownFileType = sourcecode.swift; path = UserManager.swift; sourceTree = "<group>"; };
		7B283582210C80F000849FAB /* Extensions.swift */ = {isa = PBXFileReference; lastKnownFileType = sourcecode.swift; path = Extensions.swift; sourceTree = "<group>"; };
		7B283586210C981E00849FAB /* ProfileViewController.swift */ = {isa = PBXFileReference; lastKnownFileType = sourcecode.swift; path = ProfileViewController.swift; sourceTree = "<group>"; };
		7B283588210C98D900849FAB /* ProfileViewModel.swift */ = {isa = PBXFileReference; lastKnownFileType = sourcecode.swift; path = ProfileViewModel.swift; sourceTree = "<group>"; };
		7B28358A210CACD400849FAB /* ImageCollectionViewCell.swift */ = {isa = PBXFileReference; lastKnownFileType = sourcecode.swift; path = ImageCollectionViewCell.swift; sourceTree = "<group>"; };
		7B28358B210CACD400849FAB /* ImageCollectionViewCell.xib */ = {isa = PBXFileReference; lastKnownFileType = file.xib; path = ImageCollectionViewCell.xib; sourceTree = "<group>"; };
		7B28358E210CAFC700849FAB /* Initializable.swift */ = {isa = PBXFileReference; fileEncoding = 4; lastKnownFileType = sourcecode.swift; path = Initializable.swift; sourceTree = "<group>"; };
		7B283590210CC80700849FAB /* LoginViewModel.swift */ = {isa = PBXFileReference; lastKnownFileType = sourcecode.swift; path = LoginViewModel.swift; sourceTree = "<group>"; };
		7B6AE21D2108923F00F493F4 /* Flickalore.app */ = {isa = PBXFileReference; explicitFileType = wrapper.application; includeInIndex = 0; path = Flickalore.app; sourceTree = BUILT_PRODUCTS_DIR; };
		7B6AE2202108923F00F493F4 /* AppDelegate.swift */ = {isa = PBXFileReference; lastKnownFileType = sourcecode.swift; path = AppDelegate.swift; sourceTree = "<group>"; };
		7B6AE2222108924000F493F4 /* LoginWithFlickrViewController.swift */ = {isa = PBXFileReference; lastKnownFileType = sourcecode.swift; path = LoginWithFlickrViewController.swift; sourceTree = "<group>"; };
		7B6AE2252108924000F493F4 /* Base */ = {isa = PBXFileReference; lastKnownFileType = file.storyboard; name = Base; path = Base.lproj/Main.storyboard; sourceTree = "<group>"; };
		7B6AE2272108924800F493F4 /* Assets.xcassets */ = {isa = PBXFileReference; lastKnownFileType = folder.assetcatalog; path = Assets.xcassets; sourceTree = "<group>"; };
		7B6AE22A2108924800F493F4 /* Base */ = {isa = PBXFileReference; lastKnownFileType = file.storyboard; name = Base; path = Base.lproj/LaunchScreen.storyboard; sourceTree = "<group>"; };
		7B6AE22C2108924800F493F4 /* Info.plist */ = {isa = PBXFileReference; lastKnownFileType = text.plist.xml; path = Info.plist; sourceTree = "<group>"; };
		7B6AE2312108924900F493F4 /* FlickaloreTests.xctest */ = {isa = PBXFileReference; explicitFileType = wrapper.cfbundle; includeInIndex = 0; path = FlickaloreTests.xctest; sourceTree = BUILT_PRODUCTS_DIR; };
		7B6AE2352108924900F493F4 /* FlickaloreTests.swift */ = {isa = PBXFileReference; lastKnownFileType = sourcecode.swift; path = FlickaloreTests.swift; sourceTree = "<group>"; };
		7B6AE2372108924900F493F4 /* Info.plist */ = {isa = PBXFileReference; lastKnownFileType = text.plist.xml; path = Info.plist; sourceTree = "<group>"; };
		7B6AE23C2108924900F493F4 /* FlickaloreUITests.xctest */ = {isa = PBXFileReference; explicitFileType = wrapper.cfbundle; includeInIndex = 0; path = FlickaloreUITests.xctest; sourceTree = BUILT_PRODUCTS_DIR; };
		7B6AE2402108924900F493F4 /* FlickaloreUITests.swift */ = {isa = PBXFileReference; lastKnownFileType = sourcecode.swift; path = FlickaloreUITests.swift; sourceTree = "<group>"; };
		7B6AE2422108924900F493F4 /* Info.plist */ = {isa = PBXFileReference; lastKnownFileType = text.plist.xml; path = Info.plist; sourceTree = "<group>"; };
		7B6AE24E2108CB4400F493F4 /* PinchZoomViewController.swift */ = {isa = PBXFileReference; lastKnownFileType = sourcecode.swift; path = PinchZoomViewController.swift; sourceTree = "<group>"; };
		7BFD5C44210E44F3003FB19E /* ExploreViewController.swift */ = {isa = PBXFileReference; lastKnownFileType = sourcecode.swift; path = ExploreViewController.swift; sourceTree = "<group>"; };
		96367767241CA0ACA2716332 /* Pods-FlickaloreTests.debug.xcconfig */ = {isa = PBXFileReference; includeInIndex = 1; lastKnownFileType = text.xcconfig; name = "Pods-FlickaloreTests.debug.xcconfig"; path = "Pods/Target Support Files/Pods-FlickaloreTests/Pods-FlickaloreTests.debug.xcconfig"; sourceTree = "<group>"; };
		BF2ED687DEA6831A39CBAC9B /* Pods-FlickaloreTests.release.xcconfig */ = {isa = PBXFileReference; includeInIndex = 1; lastKnownFileType = text.xcconfig; name = "Pods-FlickaloreTests.release.xcconfig"; path = "Pods/Target Support Files/Pods-FlickaloreTests/Pods-FlickaloreTests.release.xcconfig"; sourceTree = "<group>"; };
		C33B032CEE60C4DFF77ADE37 /* Pods-Flickalore.debug.xcconfig */ = {isa = PBXFileReference; includeInIndex = 1; lastKnownFileType = text.xcconfig; name = "Pods-Flickalore.debug.xcconfig"; path = "Pods/Target Support Files/Pods-Flickalore/Pods-Flickalore.debug.xcconfig"; sourceTree = "<group>"; };
		C8558CCD117056488E0CCCF8 /* Pods_FlickaloreTests.framework */ = {isa = PBXFileReference; explicitFileType = wrapper.framework; includeInIndex = 0; path = Pods_FlickaloreTests.framework; sourceTree = BUILT_PRODUCTS_DIR; };
/* End PBXFileReference section */

/* Begin PBXFrameworksBuildPhase section */
		7B6AE21A2108923F00F493F4 /* Frameworks */ = {
			isa = PBXFrameworksBuildPhase;
			buildActionMask = 2147483647;
			files = (
				90E6D9498023000DA0073814 /* Pods_Flickalore.framework in Frameworks */,
			);
			runOnlyForDeploymentPostprocessing = 0;
		};
		7B6AE22E2108924900F493F4 /* Frameworks */ = {
			isa = PBXFrameworksBuildPhase;
			buildActionMask = 2147483647;
			files = (
				71DCB029F0E0B0EAE564229C /* Pods_FlickaloreTests.framework in Frameworks */,
			);
			runOnlyForDeploymentPostprocessing = 0;
		};
		7B6AE2392108924900F493F4 /* Frameworks */ = {
			isa = PBXFrameworksBuildPhase;
			buildActionMask = 2147483647;
			files = (
				319379B67D532F67D15312B9 /* Pods_FlickaloreUITests.framework in Frameworks */,
			);
			runOnlyForDeploymentPostprocessing = 0;
		};
/* End PBXFrameworksBuildPhase section */

/* Begin PBXGroup section */
		17D2594E66B507BEB55DF36F /* Pods */ = {
			isa = PBXGroup;
			children = (
				C33B032CEE60C4DFF77ADE37 /* Pods-Flickalore.debug.xcconfig */,
				69C5F268DB62D55AA9D5C4C8 /* Pods-Flickalore.release.xcconfig */,
				96367767241CA0ACA2716332 /* Pods-FlickaloreTests.debug.xcconfig */,
				BF2ED687DEA6831A39CBAC9B /* Pods-FlickaloreTests.release.xcconfig */,
				2247630C89B4648441561E5E /* Pods-FlickaloreUITests.debug.xcconfig */,
				1C45E1FE8091C687D516A07A /* Pods-FlickaloreUITests.release.xcconfig */,
			);
			name = Pods;
			sourceTree = "<group>";
		};
		7B6AE2142108923F00F493F4 = {
			isa = PBXGroup;
			children = (
				7B6AE21F2108923F00F493F4 /* Flickalore */,
				7B6AE2342108924900F493F4 /* FlickaloreTests */,
				7B6AE23F2108924900F493F4 /* FlickaloreUITests */,
				7B6AE21E2108923F00F493F4 /* Products */,
				17D2594E66B507BEB55DF36F /* Pods */,
				F2C9A76BA4E6EBDC3D326049 /* Frameworks */,
			);
			sourceTree = "<group>";
		};
		7B6AE21E2108923F00F493F4 /* Products */ = {
			isa = PBXGroup;
			children = (
				7B6AE21D2108923F00F493F4 /* Flickalore.app */,
				7B6AE2312108924900F493F4 /* FlickaloreTests.xctest */,
				7B6AE23C2108924900F493F4 /* FlickaloreUITests.xctest */,
			);
			name = Products;
			sourceTree = "<group>";
		};
		7B6AE21F2108923F00F493F4 /* Flickalore */ = {
			isa = PBXGroup;
			children = (
				7B28358E210CAFC700849FAB /* Initializable.swift */,
				7B6AE2202108923F00F493F4 /* AppDelegate.swift */,
				7B6AE2222108924000F493F4 /* LoginWithFlickrViewController.swift */,
				7B6AE2242108924000F493F4 /* Main.storyboard */,
				7B6AE2272108924800F493F4 /* Assets.xcassets */,
				7B6AE2292108924800F493F4 /* LaunchScreen.storyboard */,
				7B6AE22C2108924800F493F4 /* Info.plist */,
				7B6AE24E2108CB4400F493F4 /* PinchZoomViewController.swift */,
				7B283578210C4F9700849FAB /* AuthenticationViewController.swift */,
				7B28357A210C55D000849FAB /* AuthViewModel.swift */,
				7B28357C210C5DAF00849FAB /* Constants.swift */,
				7B28357E210C7B9B00849FAB /* User.swift */,
				7B283580210C7D9800849FAB /* UserManager.swift */,
				7B283582210C80F000849FAB /* Extensions.swift */,
				7B283586210C981E00849FAB /* ProfileViewController.swift */,
				7B283588210C98D900849FAB /* ProfileViewModel.swift */,
				7B28358A210CACD400849FAB /* ImageCollectionViewCell.swift */,
				7B28358B210CACD400849FAB /* ImageCollectionViewCell.xib */,
				7B283590210CC80700849FAB /* LoginViewModel.swift */,
				7BFD5C44210E44F3003FB19E /* ExploreViewController.swift */,
			);
			path = Flickalore;
			sourceTree = "<group>";
		};
		7B6AE2342108924900F493F4 /* FlickaloreTests */ = {
			isa = PBXGroup;
			children = (
				7B6AE2352108924900F493F4 /* FlickaloreTests.swift */,
				7B6AE2372108924900F493F4 /* Info.plist */,
			);
			path = FlickaloreTests;
			sourceTree = "<group>";
		};
		7B6AE23F2108924900F493F4 /* FlickaloreUITests */ = {
			isa = PBXGroup;
			children = (
				7B6AE2402108924900F493F4 /* FlickaloreUITests.swift */,
				7B6AE2422108924900F493F4 /* Info.plist */,
			);
			path = FlickaloreUITests;
			sourceTree = "<group>";
		};
		F2C9A76BA4E6EBDC3D326049 /* Frameworks */ = {
			isa = PBXGroup;
			children = (
				22B5E1F3FBD2D977FF59B73C /* Pods_Flickalore.framework */,
				C8558CCD117056488E0CCCF8 /* Pods_FlickaloreTests.framework */,
				6E2582A66B543F611063FAE2 /* Pods_FlickaloreUITests.framework */,
			);
			name = Frameworks;
			sourceTree = "<group>";
		};
/* End PBXGroup section */

/* Begin PBXNativeTarget section */
		7B6AE21C2108923F00F493F4 /* Flickalore */ = {
			isa = PBXNativeTarget;
			buildConfigurationList = 7B6AE2452108924900F493F4 /* Build configuration list for PBXNativeTarget "Flickalore" */;
			buildPhases = (
				F03B80B871E80ACF7E43C769 /* [CP] Check Pods Manifest.lock */,
				7B6AE2192108923F00F493F4 /* Sources */,
				7B6AE21A2108923F00F493F4 /* Frameworks */,
				7B6AE21B2108923F00F493F4 /* Resources */,
				AB332BD72207FE9579077632 /* [CP] Embed Pods Frameworks */,
			);
			buildRules = (
			);
			dependencies = (
			);
			name = Flickalore;
			productName = Flickalore;
			productReference = 7B6AE21D2108923F00F493F4 /* Flickalore.app */;
			productType = "com.apple.product-type.application";
		};
		7B6AE2302108924900F493F4 /* FlickaloreTests */ = {
			isa = PBXNativeTarget;
			buildConfigurationList = 7B6AE2482108924900F493F4 /* Build configuration list for PBXNativeTarget "FlickaloreTests" */;
			buildPhases = (
				22678C1029A09FD8CF286C51 /* [CP] Check Pods Manifest.lock */,
				7B6AE22D2108924900F493F4 /* Sources */,
				7B6AE22E2108924900F493F4 /* Frameworks */,
				7B6AE22F2108924900F493F4 /* Resources */,
			);
			buildRules = (
			);
			dependencies = (
				7B6AE2332108924900F493F4 /* PBXTargetDependency */,
			);
			name = FlickaloreTests;
			productName = FlickaloreTests;
			productReference = 7B6AE2312108924900F493F4 /* FlickaloreTests.xctest */;
			productType = "com.apple.product-type.bundle.unit-test";
		};
		7B6AE23B2108924900F493F4 /* FlickaloreUITests */ = {
			isa = PBXNativeTarget;
			buildConfigurationList = 7B6AE24B2108924900F493F4 /* Build configuration list for PBXNativeTarget "FlickaloreUITests" */;
			buildPhases = (
				9976229DF0B0865026BB37E9 /* [CP] Check Pods Manifest.lock */,
				7B6AE2382108924900F493F4 /* Sources */,
				7B6AE2392108924900F493F4 /* Frameworks */,
				7B6AE23A2108924900F493F4 /* Resources */,
			);
			buildRules = (
			);
			dependencies = (
				7B6AE23E2108924900F493F4 /* PBXTargetDependency */,
			);
			name = FlickaloreUITests;
			productName = FlickaloreUITests;
			productReference = 7B6AE23C2108924900F493F4 /* FlickaloreUITests.xctest */;
			productType = "com.apple.product-type.bundle.ui-testing";
		};
/* End PBXNativeTarget section */

/* Begin PBXProject section */
		7B6AE2152108923F00F493F4 /* Project object */ = {
			isa = PBXProject;
			attributes = {
				LastSwiftUpdateCheck = 0940;
				LastUpgradeCheck = 0940;
				ORGANIZATIONNAME = "Aaqib Hussain";
				TargetAttributes = {
					7B6AE21C2108923F00F493F4 = {
						CreatedOnToolsVersion = 9.4;
					};
					7B6AE2302108924900F493F4 = {
						CreatedOnToolsVersion = 9.4;
						TestTargetID = 7B6AE21C2108923F00F493F4;
					};
					7B6AE23B2108924900F493F4 = {
						CreatedOnToolsVersion = 9.4;
						TestTargetID = 7B6AE21C2108923F00F493F4;
					};
				};
			};
			buildConfigurationList = 7B6AE2182108923F00F493F4 /* Build configuration list for PBXProject "Flickalore" */;
			compatibilityVersion = "Xcode 9.3";
			developmentRegion = en;
			hasScannedForEncodings = 0;
			knownRegions = (
				en,
				Base,
			);
			mainGroup = 7B6AE2142108923F00F493F4;
			productRefGroup = 7B6AE21E2108923F00F493F4 /* Products */;
			projectDirPath = "";
			projectRoot = "";
			targets = (
				7B6AE21C2108923F00F493F4 /* Flickalore */,
				7B6AE2302108924900F493F4 /* FlickaloreTests */,
				7B6AE23B2108924900F493F4 /* FlickaloreUITests */,
			);
		};
/* End PBXProject section */

/* Begin PBXResourcesBuildPhase section */
		7B6AE21B2108923F00F493F4 /* Resources */ = {
			isa = PBXResourcesBuildPhase;
			buildActionMask = 2147483647;
			files = (
				7B6AE22B2108924800F493F4 /* LaunchScreen.storyboard in Resources */,
				7B6AE2282108924800F493F4 /* Assets.xcassets in Resources */,
				7B28358D210CACD400849FAB /* ImageCollectionViewCell.xib in Resources */,
				7B6AE2262108924000F493F4 /* Main.storyboard in Resources */,
			);
			runOnlyForDeploymentPostprocessing = 0;
		};
		7B6AE22F2108924900F493F4 /* Resources */ = {
			isa = PBXResourcesBuildPhase;
			buildActionMask = 2147483647;
			files = (
			);
			runOnlyForDeploymentPostprocessing = 0;
		};
		7B6AE23A2108924900F493F4 /* Resources */ = {
			isa = PBXResourcesBuildPhase;
			buildActionMask = 2147483647;
			files = (
			);
			runOnlyForDeploymentPostprocessing = 0;
		};
/* End PBXResourcesBuildPhase section */

/* Begin PBXShellScriptBuildPhase section */
		22678C1029A09FD8CF286C51 /* [CP] Check Pods Manifest.lock */ = {
			isa = PBXShellScriptBuildPhase;
			buildActionMask = 2147483647;
			files = (
			);
			inputPaths = (
				"${PODS_PODFILE_DIR_PATH}/Podfile.lock",
				"${PODS_ROOT}/Manifest.lock",
			);
			name = "[CP] Check Pods Manifest.lock";
			outputPaths = (
				"$(DERIVED_FILE_DIR)/Pods-FlickaloreTests-checkManifestLockResult.txt",
			);
			runOnlyForDeploymentPostprocessing = 0;
			shellPath = /bin/sh;
			shellScript = "diff \"${PODS_PODFILE_DIR_PATH}/Podfile.lock\" \"${PODS_ROOT}/Manifest.lock\" > /dev/null\nif [ $? != 0 ] ; then\n    # print error to STDERR\n    echo \"error: The sandbox is not in sync with the Podfile.lock. Run 'pod install' or update your CocoaPods installation.\" >&2\n    exit 1\nfi\n# This output is used by Xcode 'outputs' to avoid re-running this script phase.\necho \"SUCCESS\" > \"${SCRIPT_OUTPUT_FILE_0}\"\n";
			showEnvVarsInLog = 0;
		};
		9976229DF0B0865026BB37E9 /* [CP] Check Pods Manifest.lock */ = {
			isa = PBXShellScriptBuildPhase;
			buildActionMask = 2147483647;
			files = (
			);
			inputPaths = (
				"${PODS_PODFILE_DIR_PATH}/Podfile.lock",
				"${PODS_ROOT}/Manifest.lock",
			);
			name = "[CP] Check Pods Manifest.lock";
			outputPaths = (
				"$(DERIVED_FILE_DIR)/Pods-FlickaloreUITests-checkManifestLockResult.txt",
			);
			runOnlyForDeploymentPostprocessing = 0;
			shellPath = /bin/sh;
			shellScript = "diff \"${PODS_PODFILE_DIR_PATH}/Podfile.lock\" \"${PODS_ROOT}/Manifest.lock\" > /dev/null\nif [ $? != 0 ] ; then\n    # print error to STDERR\n    echo \"error: The sandbox is not in sync with the Podfile.lock. Run 'pod install' or update your CocoaPods installation.\" >&2\n    exit 1\nfi\n# This output is used by Xcode 'outputs' to avoid re-running this script phase.\necho \"SUCCESS\" > \"${SCRIPT_OUTPUT_FILE_0}\"\n";
			showEnvVarsInLog = 0;
		};
		AB332BD72207FE9579077632 /* [CP] Embed Pods Frameworks */ = {
			isa = PBXShellScriptBuildPhase;
			buildActionMask = 2147483647;
			files = (
			);
			inputPaths = (
				"${SRCROOT}/Pods/Target Support Files/Pods-Flickalore/Pods-Flickalore-frameworks.sh",
				"${BUILT_PRODUCTS_DIR}/FlickrKit/FlickrKit.framework",
				"${BUILT_PRODUCTS_DIR}/Kingfisher/Kingfisher.framework",
				"${BUILT_PRODUCTS_DIR}/Toast-Swift/Toast_Swift.framework",
			);
			name = "[CP] Embed Pods Frameworks";
			outputPaths = (
				"${TARGET_BUILD_DIR}/${FRAMEWORKS_FOLDER_PATH}/FlickrKit.framework",
				"${TARGET_BUILD_DIR}/${FRAMEWORKS_FOLDER_PATH}/Kingfisher.framework",
				"${TARGET_BUILD_DIR}/${FRAMEWORKS_FOLDER_PATH}/Toast_Swift.framework",
			);
			runOnlyForDeploymentPostprocessing = 0;
			shellPath = /bin/sh;
			shellScript = "\"${SRCROOT}/Pods/Target Support Files/Pods-Flickalore/Pods-Flickalore-frameworks.sh\"\n";
			showEnvVarsInLog = 0;
		};
		F03B80B871E80ACF7E43C769 /* [CP] Check Pods Manifest.lock */ = {
			isa = PBXShellScriptBuildPhase;
			buildActionMask = 2147483647;
			files = (
			);
			inputPaths = (
				"${PODS_PODFILE_DIR_PATH}/Podfile.lock",
				"${PODS_ROOT}/Manifest.lock",
			);
			name = "[CP] Check Pods Manifest.lock";
			outputPaths = (
				"$(DERIVED_FILE_DIR)/Pods-Flickalore-checkManifestLockResult.txt",
			);
			runOnlyForDeploymentPostprocessing = 0;
			shellPath = /bin/sh;
			shellScript = "diff \"${PODS_PODFILE_DIR_PATH}/Podfile.lock\" \"${PODS_ROOT}/Manifest.lock\" > /dev/null\nif [ $? != 0 ] ; then\n    # print error to STDERR\n    echo \"error: The sandbox is not in sync with the Podfile.lock. Run 'pod install' or update your CocoaPods installation.\" >&2\n    exit 1\nfi\n# This output is used by Xcode 'outputs' to avoid re-running this script phase.\necho \"SUCCESS\" > \"${SCRIPT_OUTPUT_FILE_0}\"\n";
			showEnvVarsInLog = 0;
		};
/* End PBXShellScriptBuildPhase section */

/* Begin PBXSourcesBuildPhase section */
		7B6AE2192108923F00F493F4 /* Sources */ = {
			isa = PBXSourcesBuildPhase;
			buildActionMask = 2147483647;
			files = (
				7B28358F210CAFC700849FAB /* Initializable.swift in Sources */,
				7B28357B210C55D000849FAB /* AuthViewModel.swift in Sources */,
				7BFD5C45210E44F3003FB19E /* ExploreViewController.swift in Sources */,
				7B283583210C80F000849FAB /* Extensions.swift in Sources */,
				7B28358C210CACD400849FAB /* ImageCollectionViewCell.swift in Sources */,
				7B283579210C4F9700849FAB /* AuthenticationViewController.swift in Sources */,
				7B6AE2232108924000F493F4 /* LoginWithFlickrViewController.swift in Sources */,
				7B283591210CC80700849FAB /* LoginViewModel.swift in Sources */,
				7B6AE2212108923F00F493F4 /* AppDelegate.swift in Sources */,
				7B6AE24F2108CB4400F493F4 /* PinchZoomViewController.swift in Sources */,
				7B283589210C98D900849FAB /* ProfileViewModel.swift in Sources */,
				7B283587210C981E00849FAB /* ProfileViewController.swift in Sources */,
				7B28357D210C5DAF00849FAB /* Constants.swift in Sources */,
				7B283581210C7D9800849FAB /* UserManager.swift in Sources */,
				7B28357F210C7B9B00849FAB /* User.swift in Sources */,
			);
			runOnlyForDeploymentPostprocessing = 0;
		};
		7B6AE22D2108924900F493F4 /* Sources */ = {
			isa = PBXSourcesBuildPhase;
			buildActionMask = 2147483647;
			files = (
				7B6AE2362108924900F493F4 /* FlickaloreTests.swift in Sources */,
			);
			runOnlyForDeploymentPostprocessing = 0;
		};
		7B6AE2382108924900F493F4 /* Sources */ = {
			isa = PBXSourcesBuildPhase;
			buildActionMask = 2147483647;
			files = (
				7B6AE2412108924900F493F4 /* FlickaloreUITests.swift in Sources */,
			);
			runOnlyForDeploymentPostprocessing = 0;
		};
/* End PBXSourcesBuildPhase section */

/* Begin PBXTargetDependency section */
		7B6AE2332108924900F493F4 /* PBXTargetDependency */ = {
			isa = PBXTargetDependency;
			target = 7B6AE21C2108923F00F493F4 /* Flickalore */;
			targetProxy = 7B6AE2322108924900F493F4 /* PBXContainerItemProxy */;
		};
		7B6AE23E2108924900F493F4 /* PBXTargetDependency */ = {
			isa = PBXTargetDependency;
			target = 7B6AE21C2108923F00F493F4 /* Flickalore */;
			targetProxy = 7B6AE23D2108924900F493F4 /* PBXContainerItemProxy */;
		};
/* End PBXTargetDependency section */

/* Begin PBXVariantGroup section */
		7B6AE2242108924000F493F4 /* Main.storyboard */ = {
			isa = PBXVariantGroup;
			children = (
				7B6AE2252108924000F493F4 /* Base */,
			);
			name = Main.storyboard;
			sourceTree = "<group>";
		};
		7B6AE2292108924800F493F4 /* LaunchScreen.storyboard */ = {
			isa = PBXVariantGroup;
			children = (
				7B6AE22A2108924800F493F4 /* Base */,
			);
			name = LaunchScreen.storyboard;
			sourceTree = "<group>";
		};
/* End PBXVariantGroup section */

/* Begin XCBuildConfiguration section */
		7B6AE2432108924900F493F4 /* Debug */ = {
			isa = XCBuildConfiguration;
			buildSettings = {
				ALWAYS_SEARCH_USER_PATHS = NO;
				CLANG_ANALYZER_NONNULL = YES;
				CLANG_ANALYZER_NUMBER_OBJECT_CONVERSION = YES_AGGRESSIVE;
				CLANG_CXX_LANGUAGE_STANDARD = "gnu++14";
				CLANG_CXX_LIBRARY = "libc++";
				CLANG_ENABLE_MODULES = YES;
				CLANG_ENABLE_OBJC_ARC = YES;
				CLANG_ENABLE_OBJC_WEAK = YES;
				CLANG_WARN_BLOCK_CAPTURE_AUTORELEASING = YES;
				CLANG_WARN_BOOL_CONVERSION = YES;
				CLANG_WARN_COMMA = YES;
				CLANG_WARN_CONSTANT_CONVERSION = YES;
				CLANG_WARN_DEPRECATED_OBJC_IMPLEMENTATIONS = YES;
				CLANG_WARN_DIRECT_OBJC_ISA_USAGE = YES_ERROR;
				CLANG_WARN_DOCUMENTATION_COMMENTS = YES;
				CLANG_WARN_EMPTY_BODY = YES;
				CLANG_WARN_ENUM_CONVERSION = YES;
				CLANG_WARN_INFINITE_RECURSION = YES;
				CLANG_WARN_INT_CONVERSION = YES;
				CLANG_WARN_NON_LITERAL_NULL_CONVERSION = YES;
				CLANG_WARN_OBJC_IMPLICIT_RETAIN_SELF = YES;
				CLANG_WARN_OBJC_LITERAL_CONVERSION = YES;
				CLANG_WARN_OBJC_ROOT_CLASS = YES_ERROR;
				CLANG_WARN_RANGE_LOOP_ANALYSIS = YES;
				CLANG_WARN_STRICT_PROTOTYPES = YES;
				CLANG_WARN_SUSPICIOUS_MOVE = YES;
				CLANG_WARN_UNGUARDED_AVAILABILITY = YES_AGGRESSIVE;
				CLANG_WARN_UNREACHABLE_CODE = YES;
				CLANG_WARN__DUPLICATE_METHOD_MATCH = YES;
				CODE_SIGN_IDENTITY = "iPhone Developer";
				COPY_PHASE_STRIP = NO;
				DEBUG_INFORMATION_FORMAT = dwarf;
				ENABLE_STRICT_OBJC_MSGSEND = YES;
				ENABLE_TESTABILITY = YES;
				GCC_C_LANGUAGE_STANDARD = gnu11;
				GCC_DYNAMIC_NO_PIC = NO;
				GCC_NO_COMMON_BLOCKS = YES;
				GCC_OPTIMIZATION_LEVEL = 0;
				GCC_PREPROCESSOR_DEFINITIONS = (
					"DEBUG=1",
					"$(inherited)",
				);
				GCC_WARN_64_TO_32_BIT_CONVERSION = YES;
				GCC_WARN_ABOUT_RETURN_TYPE = YES_ERROR;
				GCC_WARN_UNDECLARED_SELECTOR = YES;
				GCC_WARN_UNINITIALIZED_AUTOS = YES_AGGRESSIVE;
				GCC_WARN_UNUSED_FUNCTION = YES;
				GCC_WARN_UNUSED_VARIABLE = YES;
				IPHONEOS_DEPLOYMENT_TARGET = 11.4;
				MTL_ENABLE_DEBUG_INFO = YES;
				ONLY_ACTIVE_ARCH = YES;
				SDKROOT = iphoneos;
				SWIFT_ACTIVE_COMPILATION_CONDITIONS = DEBUG;
				SWIFT_OPTIMIZATION_LEVEL = "-Onone";
			};
			name = Debug;
		};
		7B6AE2442108924900F493F4 /* Release */ = {
			isa = XCBuildConfiguration;
			buildSettings = {
				ALWAYS_SEARCH_USER_PATHS = NO;
				CLANG_ANALYZER_NONNULL = YES;
				CLANG_ANALYZER_NUMBER_OBJECT_CONVERSION = YES_AGGRESSIVE;
				CLANG_CXX_LANGUAGE_STANDARD = "gnu++14";
				CLANG_CXX_LIBRARY = "libc++";
				CLANG_ENABLE_MODULES = YES;
				CLANG_ENABLE_OBJC_ARC = YES;
				CLANG_ENABLE_OBJC_WEAK = YES;
				CLANG_WARN_BLOCK_CAPTURE_AUTORELEASING = YES;
				CLANG_WARN_BOOL_CONVERSION = YES;
				CLANG_WARN_COMMA = YES;
				CLANG_WARN_CONSTANT_CONVERSION = YES;
				CLANG_WARN_DEPRECATED_OBJC_IMPLEMENTATIONS = YES;
				CLANG_WARN_DIRECT_OBJC_ISA_USAGE = YES_ERROR;
				CLANG_WARN_DOCUMENTATION_COMMENTS = YES;
				CLANG_WARN_EMPTY_BODY = YES;
				CLANG_WARN_ENUM_CONVERSION = YES;
				CLANG_WARN_INFINITE_RECURSION = YES;
				CLANG_WARN_INT_CONVERSION = YES;
				CLANG_WARN_NON_LITERAL_NULL_CONVERSION = YES;
				CLANG_WARN_OBJC_IMPLICIT_RETAIN_SELF = YES;
				CLANG_WARN_OBJC_LITERAL_CONVERSION = YES;
				CLANG_WARN_OBJC_ROOT_CLASS = YES_ERROR;
				CLANG_WARN_RANGE_LOOP_ANALYSIS = YES;
				CLANG_WARN_STRICT_PROTOTYPES = YES;
				CLANG_WARN_SUSPICIOUS_MOVE = YES;
				CLANG_WARN_UNGUARDED_AVAILABILITY = YES_AGGRESSIVE;
				CLANG_WARN_UNREACHABLE_CODE = YES;
				CLANG_WARN__DUPLICATE_METHOD_MATCH = YES;
				CODE_SIGN_IDENTITY = "iPhone Developer";
				COPY_PHASE_STRIP = NO;
				DEBUG_INFORMATION_FORMAT = "dwarf-with-dsym";
				ENABLE_NS_ASSERTIONS = NO;
				ENABLE_STRICT_OBJC_MSGSEND = YES;
				GCC_C_LANGUAGE_STANDARD = gnu11;
				GCC_NO_COMMON_BLOCKS = YES;
				GCC_WARN_64_TO_32_BIT_CONVERSION = YES;
				GCC_WARN_ABOUT_RETURN_TYPE = YES_ERROR;
				GCC_WARN_UNDECLARED_SELECTOR = YES;
				GCC_WARN_UNINITIALIZED_AUTOS = YES_AGGRESSIVE;
				GCC_WARN_UNUSED_FUNCTION = YES;
				GCC_WARN_UNUSED_VARIABLE = YES;
				IPHONEOS_DEPLOYMENT_TARGET = 11.4;
				MTL_ENABLE_DEBUG_INFO = NO;
				SDKROOT = iphoneos;
				SWIFT_COMPILATION_MODE = wholemodule;
				SWIFT_OPTIMIZATION_LEVEL = "-O";
				VALIDATE_PRODUCT = YES;
			};
			name = Release;
		};
		7B6AE2462108924900F493F4 /* Debug */ = {
			isa = XCBuildConfiguration;
			baseConfigurationReference = C33B032CEE60C4DFF77ADE37 /* Pods-Flickalore.debug.xcconfig */;
			buildSettings = {
				ASSETCATALOG_COMPILER_APPICON_NAME = AppIcon;
				CODE_SIGN_STYLE = Automatic;
				DEVELOPMENT_TEAM = 8M8EB3JWC4;
				INFOPLIST_FILE = Flickalore/Info.plist;
				LD_RUNPATH_SEARCH_PATHS = (
					"$(inherited)",
					"@executable_path/Frameworks",
				);
				PRODUCT_BUNDLE_IDENTIFIER = com.kodesnippets.Flickalore;
				PRODUCT_NAME = "$(TARGET_NAME)";
				SWIFT_VERSION = 4.0;
				TARGETED_DEVICE_FAMILY = "1,2";
			};
			name = Debug;
		};
		7B6AE2472108924900F493F4 /* Release */ = {
			isa = XCBuildConfiguration;
			baseConfigurationReference = 69C5F268DB62D55AA9D5C4C8 /* Pods-Flickalore.release.xcconfig */;
			buildSettings = {
				ASSETCATALOG_COMPILER_APPICON_NAME = AppIcon;
				CODE_SIGN_STYLE = Automatic;
				DEVELOPMENT_TEAM = 8M8EB3JWC4;
				INFOPLIST_FILE = Flickalore/Info.plist;
				LD_RUNPATH_SEARCH_PATHS = (
					"$(inherited)",
					"@executable_path/Frameworks",
				);
				PRODUCT_BUNDLE_IDENTIFIER = com.kodesnippets.Flickalore;
				PRODUCT_NAME = "$(TARGET_NAME)";
				SWIFT_VERSION = 4.0;
				TARGETED_DEVICE_FAMILY = "1,2";
			};
			name = Release;
		};
		7B6AE2492108924900F493F4 /* Debug */ = {
			isa = XCBuildConfiguration;
			baseConfigurationReference = 96367767241CA0ACA2716332 /* Pods-FlickaloreTests.debug.xcconfig */;
			buildSettings = {
				ALWAYS_EMBED_SWIFT_STANDARD_LIBRARIES = YES;
				BUNDLE_LOADER = "$(TEST_HOST)";
				CODE_SIGN_STYLE = Automatic;
				INFOPLIST_FILE = FlickaloreTests/Info.plist;
				LD_RUNPATH_SEARCH_PATHS = (
					"$(inherited)",
					"@executable_path/Frameworks",
					"@loader_path/Frameworks",
				);
				PRODUCT_BUNDLE_IDENTIFIER = com.kodesnippets.FlickaloreTests;
				PRODUCT_NAME = "$(TARGET_NAME)";
				SWIFT_VERSION = 4.0;
				TARGETED_DEVICE_FAMILY = "1,2";
				TEST_HOST = "$(BUILT_PRODUCTS_DIR)/Flickalore.app/Flickalore";
			};
			name = Debug;
		};
		7B6AE24A2108924900F493F4 /* Release */ = {
			isa = XCBuildConfiguration;
			baseConfigurationReference = BF2ED687DEA6831A39CBAC9B /* Pods-FlickaloreTests.release.xcconfig */;
			buildSettings = {
				ALWAYS_EMBED_SWIFT_STANDARD_LIBRARIES = YES;
				BUNDLE_LOADER = "$(TEST_HOST)";
				CODE_SIGN_STYLE = Automatic;
				INFOPLIST_FILE = FlickaloreTests/Info.plist;
				LD_RUNPATH_SEARCH_PATHS = (
					"$(inherited)",
					"@executable_path/Frameworks",
					"@loader_path/Frameworks",
				);
				PRODUCT_BUNDLE_IDENTIFIER = com.kodesnippets.FlickaloreTests;
				PRODUCT_NAME = "$(TARGET_NAME)";
				SWIFT_VERSION = 4.0;
				TARGETED_DEVICE_FAMILY = "1,2";
				TEST_HOST = "$(BUILT_PRODUCTS_DIR)/Flickalore.app/Flickalore";
			};
			name = Release;
		};
		7B6AE24C2108924900F493F4 /* Debug */ = {
			isa = XCBuildConfiguration;
			baseConfigurationReference = 2247630C89B4648441561E5E /* Pods-FlickaloreUITests.debug.xcconfig */;
			buildSettings = {
				ALWAYS_EMBED_SWIFT_STANDARD_LIBRARIES = YES;
				CODE_SIGN_STYLE = Automatic;
				INFOPLIST_FILE = FlickaloreUITests/Info.plist;
				LD_RUNPATH_SEARCH_PATHS = (
					"$(inherited)",
					"@executable_path/Frameworks",
					"@loader_path/Frameworks",
				);
				PRODUCT_BUNDLE_IDENTIFIER = com.kodesnippets.FlickaloreUITests;
				PRODUCT_NAME = "$(TARGET_NAME)";
				SWIFT_VERSION = 4.0;
				TARGETED_DEVICE_FAMILY = "1,2";
				TEST_TARGET_NAME = Flickalore;
			};
			name = Debug;
		};
		7B6AE24D2108924900F493F4 /* Release */ = {
			isa = XCBuildConfiguration;
			baseConfigurationReference = 1C45E1FE8091C687D516A07A /* Pods-FlickaloreUITests.release.xcconfig */;
			buildSettings = {
				ALWAYS_EMBED_SWIFT_STANDARD_LIBRARIES = YES;
				CODE_SIGN_STYLE = Automatic;
				INFOPLIST_FILE = FlickaloreUITests/Info.plist;
				LD_RUNPATH_SEARCH_PATHS = (
					"$(inherited)",
					"@executable_path/Frameworks",
					"@loader_path/Frameworks",
				);
				PRODUCT_BUNDLE_IDENTIFIER = com.kodesnippets.FlickaloreUITests;
				PRODUCT_NAME = "$(TARGET_NAME)";
				SWIFT_VERSION = 4.0;
				TARGETED_DEVICE_FAMILY = "1,2";
				TEST_TARGET_NAME = Flickalore;
			};
			name = Release;
		};
/* End XCBuildConfiguration section */

/* Begin XCConfigurationList section */
		7B6AE2182108923F00F493F4 /* Build configuration list for PBXProject "Flickalore" */ = {
			isa = XCConfigurationList;
			buildConfigurations = (
				7B6AE2432108924900F493F4 /* Debug */,
				7B6AE2442108924900F493F4 /* Release */,
			);
			defaultConfigurationIsVisible = 0;
			defaultConfigurationName = Release;
		};
		7B6AE2452108924900F493F4 /* Build configuration list for PBXNativeTarget "Flickalore" */ = {
			isa = XCConfigurationList;
			buildConfigurations = (
				7B6AE2462108924900F493F4 /* Debug */,
				7B6AE2472108924900F493F4 /* Release */,
			);
			defaultConfigurationIsVisible = 0;
			defaultConfigurationName = Release;
		};
		7B6AE2482108924900F493F4 /* Build configuration list for PBXNativeTarget "FlickaloreTests" */ = {
			isa = XCConfigurationList;
			buildConfigurations = (
				7B6AE2492108924900F493F4 /* Debug */,
				7B6AE24A2108924900F493F4 /* Release */,
			);
			defaultConfigurationIsVisible = 0;
			defaultConfigurationName = Release;
		};
		7B6AE24B2108924900F493F4 /* Build configuration list for PBXNativeTarget "FlickaloreUITests" */ = {
			isa = XCConfigurationList;
			buildConfigurations = (
				7B6AE24C2108924900F493F4 /* Debug */,
				7B6AE24D2108924900F493F4 /* Release */,
			);
			defaultConfigurationIsVisible = 0;
			defaultConfigurationName = Release;
		};
/* End XCConfigurationList section */
	};
	rootObject = 7B6AE2152108923F00F493F4 /* Project object */;
}
